
Microsoft Visual Studio Solution File, Format Version 12.00
# Visual Studio Version 17
VisualStudioVersion = 17.1.32228.430
MinimumVisualStudioVersion = 10.0.40219.1
Project("{9A19103F-16F7-4668-BE54-9A1E7A4F7556}") = "DataAccess", "DataAccess\DataAccess.csproj", "{008842A3-16AB-498B-9AF2-00CC7C383EBB}"
EndProject
Project("{9A19103F-16F7-4668-BE54-9A1E7A4F7556}") = "Business", "Business\Business.csproj", "{B330ABDF-F4BF-4C45-971C-62267A227A6C}"
EndProject
Project("{9A19103F-16F7-4668-BE54-9A1E7A4F7556}") = "Entities", "Entities\Entities.csproj", "{CA17B2C9-6782-4A4A-A8A7-6E4AD538C21E}"
EndProject
Project("{9A19103F-16F7-4668-BE54-9A1E7A4F7556}") = "ConsoleUI", "ConsoleApp1\ConsoleUI.csproj", "{10966B1C-EEF5-4AD8-A055-3127C113AA55}"
EndProject
Project("{FAE04EC0-301F-11D3-BF4B-00C04F79EFBC}") = "Core", "Core\Core.csproj", "{6BEED151-85EA-4E7D-B2EE-815F1F16A097}"
EndProject
Project("{FAE04EC0-301F-11D3-BF4B-00C04F79EFBC}") = "WebAPI", "WebAPI\WebAPI.csproj", "{68F8E550-1FA8-415D-BB91-24F779197ED2}"
EndProject
Global
	GlobalSection(SolutionConfigurationPlatforms) = preSolution
		Debug|Any CPU = Debug|Any CPU
		Release|Any CPU = Release|Any CPU
	EndGlobalSection
	GlobalSection(ProjectConfigurationPlatforms) = postSolution
		{008842A3-16AB-498B-9AF2-00CC7C383EBB}.Debug|Any CPU.ActiveCfg = Debug|Any CPU
		{008842A3-16AB-498B-9AF2-00CC7C383EBB}.Debug|Any CPU.Build.0 = Debug|Any CPU
		{008842A3-16AB-498B-9AF2-00CC7C383EBB}.Release|Any CPU.ActiveCfg = Release|Any CPU
		{008842A3-16AB-498B-9AF2-00CC7C383EBB}.Release|Any CPU.Build.0 = Release|Any CPU
		{B330ABDF-F4BF-4C45-971C-62267A227A6C}.Debug|Any CPU.ActiveCfg = Debug|Any CPU
		{B330ABDF-F4BF-4C45-971C-62267A227A6C}.Debug|Any CPU.Build.0 = Debug|Any CPU
		{B330ABDF-F4BF-4C45-971C-62267A227A6C}.Release|Any CPU.ActiveCfg = Release|Any CPU
		{B330ABDF-F4BF-4C45-971C-62267A227A6C}.Release|Any CPU.Build.0 = Release|Any CPU
		{CA17B2C9-6782-4A4A-A8A7-6E4AD538C21E}.Debug|Any CPU.ActiveCfg = Debug|Any CPU
		{CA17B2C9-6782-4A4A-A8A7-6E4AD538C21E}.Debug|Any CPU.Build.0 = Debug|Any CPU
		{CA17B2C9-6782-4A4A-A8A7-6E4AD538C21E}.Release|Any CPU.ActiveCfg = Release|Any CPU
		{CA17B2C9-6782-4A4A-A8A7-6E4AD538C21E}.Release|Any CPU.Build.0 = Release|Any CPU
		{10966B1C-EEF5-4AD8-A055-3127C113AA55}.Debug|Any CPU.ActiveCfg = Debug|Any CPU
		{10966B1C-EEF5-4AD8-A055-3127C113AA55}.Debug|Any CPU.Build.0 = Debug|Any CPU
		{10966B1C-EEF5-4AD8-A055-3127C113AA55}.Release|Any CPU.ActiveCfg = Release|Any CPU
		{10966B1C-EEF5-4AD8-A055-3127C113AA55}.Release|Any CPU.Build.0 = Release|Any CPU
		{6BEED151-85EA-4E7D-B2EE-815F1F16A097}.Debug|Any CPU.ActiveCfg = Debug|Any CPU
		{6BEED151-85EA-4E7D-B2EE-815F1F16A097}.Debug|Any CPU.Build.0 = Debug|Any CPU
		{6BEED151-85EA-4E7D-B2EE-815F1F16A097}.Release|Any CPU.ActiveCfg = Release|Any CPU
		{6BEED151-85EA-4E7D-B2EE-815F1F16A097}.Release|Any CPU.Build.0 = Release|Any CPU
		{68F8E550-1FA8-415D-BB91-24F779197ED2}.Debug|Any CPU.ActiveCfg = Debug|Any CPU
		{68F8E550-1FA8-415D-BB91-24F779197ED2}.Debug|Any CPU.Build.0 = Debug|Any CPU
		{68F8E550-1FA8-415D-BB91-24F779197ED2}.Release|Any CPU.ActiveCfg = Release|Any CPU
		{68F8E550-1FA8-415D-BB91-24F779197ED2}.Release|Any CPU.Build.0 = Release|Any CPU
	EndGlobalSection
	GlobalSection(SolutionProperties) = preSolution
		HideSolutionNode = FALSE
	EndGlobalSection
	GlobalSection(ExtensibilityGlobals) = postSolution
		SolutionGuid = {F972BBB1-48CD-4431-9836-85C554B91104}
	EndGlobalSection
EndGlobal
